
Microsoft Visual Studio Solution File, Format Version 12.00
# Visual Studio Version 17
VisualStudioVersion = 17.14.36202.13 d17.14
MinimumVisualStudioVersion = 10.0.40219.1
Project("{FAE04EC0-301F-11D3-BF4B-00C04F79EFBC}") = "ConsoleApp1", "ConsoleApp1\ConsoleApp1.csproj", "{CEC2C6DD-476A-4C75-AB54-2C4F5E5841D7}"
EndProject
Global
	GlobalSection(SolutionConfigurationPlatforms) = preSolution
		Debug|Any CPU = Debug|Any CPU
		Release|Any CPU = Release|Any CPU
	EndGlobalSection
	GlobalSection(ProjectConfigurationPlatforms) = postSolution
		{CEC2C6DD-476A-4C75-AB54-2C4F5E5841D7}.Debug|Any CPU.ActiveCfg = Debug|Any CPU
		{CEC2C6DD-476A-4C75-AB54-2C4F5E5841D7}.Debug|Any CPU.Build.0 = Debug|Any CPU
		{CEC2C6DD-476A-4C75-AB54-2C4F5E5841D7}.Release|Any CPU.ActiveCfg = Release|Any CPU
		{CEC2C6DD-476A-4C75-AB54-2C4F5E5841D7}.Release|Any CPU.Build.0 = Release|Any CPU
	EndGlobalSection
	GlobalSection(SolutionProperties) = preSolution
		HideSolutionNode = FALSE
	EndGlobalSection
	GlobalSection(ExtensibilityGlobals) = postSolution
		SolutionGuid = {EAC5BC33-2C1A-4F1E-A21D-6EC0A1B2B42F}
	EndGlobalSection
EndGlobal
